
Microsoft Visual Studio Solution File, Format Version 11.00
# Visual Studio 2010
Project("{8BC9CEB8-8B4A-11D0-8D11-00A0C91BC942}") = "lab1", "lab1\lab1.vcxproj", "{84F1C415-29F1-480B-839F-9096F6055C06}"
EndProject
Global
	GlobalSection(SolutionConfigurationPlatforms) = preSolution
		Debug|Win32 = Debug|Win32
		Release|Win32 = Release|Win32
	EndGlobalSection
	GlobalSection(ProjectConfigurationPlatforms) = postSolution
		{84F1C415-29F1-480B-839F-9096F6055C06}.Debug|Win32.ActiveCfg = Debug|Win32
		{84F1C415-29F1-480B-839F-9096F6055C06}.Debug|Win32.Build.0 = Debug|Win32
		{84F1C415-29F1-480B-839F-9096F6055C06}.Release|Win32.ActiveCfg = Release|Win32
		{84F1C415-29F1-480B-839F-9096F6055C06}.Release|Win32.Build.0 = Release|Win32
	EndGlobalSection
	GlobalSection(SolutionProperties) = preSolution
		HideSolutionNode = FALSE
	EndGlobalSection
EndGlobal
