
Microsoft Visual Studio Solution File, Format Version 11.00
# Visual Studio 2010
Project("{8BC9CEB8-8B4A-11D0-8D11-00A0C91BC942}") = "lab5_dubkou1", "lab5_dubkou1\lab5_dubkou1.vcxproj", "{432F39BA-B404-4023-8022-A0DEF104CFAC}"
EndProject
Global
	GlobalSection(SolutionConfigurationPlatforms) = preSolution
		Debug|Win32 = Debug|Win32
		Release|Win32 = Release|Win32
	EndGlobalSection
	GlobalSection(ProjectConfigurationPlatforms) = postSolution
		{432F39BA-B404-4023-8022-A0DEF104CFAC}.Debug|Win32.ActiveCfg = Debug|Win32
		{432F39BA-B404-4023-8022-A0DEF104CFAC}.Debug|Win32.Build.0 = Debug|Win32
		{432F39BA-B404-4023-8022-A0DEF104CFAC}.Release|Win32.ActiveCfg = Release|Win32
		{432F39BA-B404-4023-8022-A0DEF104CFAC}.Release|Win32.Build.0 = Release|Win32
	EndGlobalSection
	GlobalSection(SolutionProperties) = preSolution
		HideSolutionNode = FALSE
	EndGlobalSection
EndGlobal
