
Microsoft Visual Studio Solution File, Format Version 11.00
# Visual Studio 2010
Project("{8BC9CEB8-8B4A-11D0-8D11-00A0C91BC942}") = "up4_z2", "up4_z2\up4_z2.vcxproj", "{45C8D4B7-547C-49E4-85CB-7BF7CC0B4427}"
EndProject
Global
	GlobalSection(SolutionConfigurationPlatforms) = preSolution
		Debug|Win32 = Debug|Win32
		Release|Win32 = Release|Win32
	EndGlobalSection
	GlobalSection(ProjectConfigurationPlatforms) = postSolution
		{45C8D4B7-547C-49E4-85CB-7BF7CC0B4427}.Debug|Win32.ActiveCfg = Debug|Win32
		{45C8D4B7-547C-49E4-85CB-7BF7CC0B4427}.Debug|Win32.Build.0 = Debug|Win32
		{45C8D4B7-547C-49E4-85CB-7BF7CC0B4427}.Release|Win32.ActiveCfg = Release|Win32
		{45C8D4B7-547C-49E4-85CB-7BF7CC0B4427}.Release|Win32.Build.0 = Release|Win32
	EndGlobalSection
	GlobalSection(SolutionProperties) = preSolution
		HideSolutionNode = FALSE
	EndGlobalSection
EndGlobal
